# This file is autogenerated, do not edit; changes may be undone by the next 'dep ensure'.


[[projects]]
  name = "cloud.google.com/go"
  packages = ["compute/metadata"]
  revision = "0ebda48a7f143b1cce9eb37a8c1106ac762a3430"
  version = "v0.34.0"

[[projects]]
  name = "github.com/NVIDIA/gpu-operator"
  packages = ["pkg/apis","pkg/apis/sro/v1alpha1","pkg/controller","pkg/controller/specialresource"]
  revision = "355f16e83de86956e6714b3029e03a6521312498"
  version = "1.0.0-techpreview.8"

[[projects]]
  name = "github.com/PuerkitoBio/purell"
  packages = ["."]
  revision = "0bcb03f4b4d0a9428594752bd2a3b9aa0a9d4bd4"
  version = "v1.1.0"

[[projects]]
  branch = "master"
  name = "github.com/PuerkitoBio/urlesc"
  packages = ["."]
  revision = "de5bf2ad457846296e2031421a34e2568e304e35"

[[projects]]
  name = "github.com/appscode/jsonpatch"
  packages = ["."]
  revision = "7f760186a63d02954613b9b22de68a5b2cb2b1bf"
  version = "v1.0.1"

[[projects]]
  branch = "master"
  name = "github.com/beorn7/perks"
  packages = ["quantile"]
  revision = "3a771d992973f24aa725d07868b467d1ddfceafb"

[[projects]]
  name = "github.com/coreos/prometheus-operator"
  packages = ["pkg/apis/monitoring","pkg/apis/monitoring/v1"]
  revision = "72ec4b9b16ef11700724dc71fec77112536eed40"
  version = "v0.26.0"

[[projects]]
  name = "github.com/davecgh/go-spew"
  packages = ["spew"]
  revision = "8991bc29aa16c548c550c7ff78260e27b9ab7c73"
  version = "v1.1.1"

[[projects]]
  name = "github.com/emicklei/go-restful"
  packages = [".","log"]
  revision = "3eb9738c1697594ea6e71a7156a9bb32ed216cf0"
  version = "v2.8.0"

[[projects]]
  name = "github.com/ghodss/yaml"
  packages = ["."]
  revision = "0ca9ea5df5451ffdf184b4428c902747c2c11cd7"
  version = "v1.0.0"

[[projects]]
  branch = "master"
  name = "github.com/go-logr/logr"
  packages = ["."]
  revision = "9fb12b3b21c5415d16ac18dc5cd42c1cfdd40c4e"

[[projects]]
  name = "github.com/go-logr/zapr"
  packages = ["."]
  revision = "7536572e8d55209135cd5e7ccf7fce43dca217ab"
  version = "v0.1.0"

[[projects]]
  name = "github.com/go-openapi/jsonpointer"
  packages = ["."]
  revision = "ef5f0afec364d3b9396b7b77b43dbe26bf1f8004"
  version = "v0.18.0"

[[projects]]
  name = "github.com/go-openapi/jsonreference"
  packages = ["."]
  revision = "8483a886a90412cd6858df4ea3483dce9c8e35a3"
  version = "v0.18.0"

[[projects]]
  branch = "master"
  name = "github.com/go-openapi/spec"
  packages = ["."]
  revision = "53d776530bf78a11b03a7b52dd8a083086b045e5"

[[projects]]
  name = "github.com/go-openapi/swag"
  packages = ["."]
  revision = "1d29f06aebd59ccdf11ae04aa0334ded96e2d909"
  version = "v0.18.0"

[[projects]]
  name = "github.com/gobuffalo/envy"
  packages = ["."]
  revision = "3dbe4c98c1c77e4a8fac053251c262a85e048f21"
  version = "v1.9.0"

[[projects]]
  name = "github.com/gogo/protobuf"
  packages = ["proto","sortkeys"]
  revision = "4cbf7e384e768b4e01799441fdf2a706a5635ae7"
  version = "v1.2.0"

[[projects]]
  branch = "master"
  name = "github.com/golang/glog"
  packages = ["."]
  revision = "23def4e6c14b4da8ac2ed8007337bc5eb5007998"

[[projects]]
  branch = "master"
  name = "github.com/golang/groupcache"
  packages = ["lru"]
  revision = "c65c006176ff7ff98bb916961c7abbc6b0afc0aa"

[[projects]]
  name = "github.com/golang/protobuf"
  packages = ["proto","ptypes","ptypes/any","ptypes/duration","ptypes/timestamp"]
  revision = "aa810b61a9c79d51363740d207bb46cf8e620ed5"
  version = "v1.2.0"

[[projects]]
  branch = "master"
  name = "github.com/google/btree"
  packages = ["."]
  revision = "4030bb1f1f0c35b30ca7009e9ebd06849dd45306"

[[projects]]
  branch = "master"
  name = "github.com/google/gofuzz"
  packages = ["."]
  revision = "24818f796faf91cd76ec7bddd72458fbced7a6c1"

[[projects]]
  name = "github.com/google/uuid"
  packages = ["."]
  revision = "9b3b1e0f5f99ae461456d768e7d301a7acdaa2d8"
  version = "v1.1.0"

[[projects]]
  name = "github.com/googleapis/gnostic"
  packages = ["OpenAPIv2","compiler","extensions"]
  revision = "7c663266750e7d82587642f65e60bc4083f1f84e"
  version = "v0.2.0"

[[projects]]
  branch = "master"
  name = "github.com/gregjones/httpcache"
  packages = [".","diskcache"]
  revision = "c63ab54fda8f77302f8d414e19933f2b6026a089"

[[projects]]
  name = "github.com/hashicorp/golang-lru"
  packages = [".","simplelru"]
  revision = "20f1fb78b0740ba8c3cb143a61e86ba5c8669768"
  version = "v0.5.0"

[[projects]]
  name = "github.com/imdario/mergo"
  packages = ["."]
  revision = "9f23e2d6bd2a77f959b2bf6acdbefd708a83a4a4"
  version = "v0.3.6"

[[projects]]
  name = "github.com/joho/godotenv"
  packages = ["."]
  revision = "23d116af351c84513e1946b527c88823e476be13"
  version = "v1.3.0"

[[projects]]
  name = "github.com/json-iterator/go"
  packages = ["."]
  revision = "1624edc4454b8682399def8740d46db5e4362ba4"
  version = "v1.1.5"

[[projects]]
  branch = "master"
  name = "github.com/mailru/easyjson"
  packages = ["buffer","jlexer","jwriter"]
  revision = "60711f1a8329503b04e1c88535f419d0bb440bff"

[[projects]]
  name = "github.com/markbates/inflect"
  packages = ["."]
  revision = "24b83195037b3bc61fcda2d28b7b0518bce293b6"
  version = "v1.0.4"

[[projects]]
  name = "github.com/matttproud/golang_protobuf_extensions"
  packages = ["pbutil"]
  revision = "c12348ce28de40eed0136aa2b644d0ee0650e56c"
  version = "v1.0.1"

[[projects]]
  name = "github.com/modern-go/concurrent"
  packages = ["."]
  revision = "bacd9c7ef1dd9b15be4a9909b8ac7a4e313eec94"
  version = "1.0.3"

[[projects]]
  name = "github.com/modern-go/reflect2"
  packages = ["."]
  revision = "4b7aa43c6742a2c18fdef89dd197aaae7dac7ccd"
  version = "1.0.1"

[[projects]]
  name = "github.com/openshift/api"
  packages = ["security/v1"]
  revision = "0d921e363e951d89f583292c60d013c318df64dc"
  version = "v3.9.0"

[[projects]]
  name = "github.com/operator-framework/operator-sdk"
  packages = ["pkg/k8sutil","pkg/leader","pkg/ready","version"]
  revision = "0edd82327d0928ff79834fd5ff284388ea239bc1"
  version = "v0.7.1"

[[projects]]
  name = "github.com/pborman/uuid"
  packages = ["."]
  revision = "adf5a7427709b9deb95d29d3fa8a2bf9cfd388f1"
  version = "v1.2"

[[projects]]
  branch = "master"
  name = "github.com/petar/GoLLRB"
  packages = ["llrb"]
  revision = "53be0d36a84c2a886ca057d34b6aa4468df9ccb4"

[[projects]]
  name = "github.com/peterbourgon/diskv"
  packages = ["."]
  revision = "5f041e8faa004a95c88a202771f4cc3e991971e6"
  version = "v2.0.1"

[[projects]]
  name = "github.com/pkg/errors"
  packages = ["."]
  revision = "614d223910a179a466c1767a985424175c39b465"
  version = "v0.9.1"

[[projects]]
  name = "github.com/prometheus/client_golang"
  packages = ["prometheus","prometheus/internal","prometheus/promhttp"]
  revision = "505eaef017263e299324067d40ca2c48f6a2cf50"
  version = "v0.9.2"

[[projects]]
  branch = "master"
  name = "github.com/prometheus/client_model"
  packages = ["go"]
  revision = "f287a105a20ec685d797f65cd0ce8fbeaef42da1"

[[projects]]
  branch = "master"
  name = "github.com/prometheus/common"
  packages = ["expfmt","internal/bitbucket.org/ww/goautoneg","model"]
  revision = "2998b132700a7d019ff618c06a234b47c1f3f681"

[[projects]]
  branch = "master"
  name = "github.com/prometheus/procfs"
  packages = [".","internal/util","nfs","xfs"]
  revision = "b1a0a9a36d7453ba0f62578b99712f3a6c5f82d1"

[[projects]]
  name = "github.com/rogpeppe/go-internal"
  packages = ["modfile","module","semver"]
  revision = "bc89b17ba21ce5b8a495fa55a94e3fe32ecf4ed8"
  version = "v1.5.2"

[[projects]]
  name = "github.com/spf13/afero"
  packages = [".","mem"]
  revision = "588a75ec4f32903aa5e39a2619ba6a4631e28424"
  version = "v1.2.2"

[[projects]]
  name = "github.com/spf13/pflag"
  packages = ["."]
  revision = "298182f68c66c05229eb03ac171abe6e309ee79a"
  version = "v1.0.3"

[[projects]]
  name = "go.uber.org/atomic"
  packages = ["."]
  revision = "1ea20fb1cbb1cc08cbd0d913a96dead89aa18289"
  version = "v1.3.2"

[[projects]]
  name = "go.uber.org/multierr"
  packages = ["."]
  revision = "3c4937480c32f4c13a875a1829af76c98ca3d40a"
  version = "v1.1.0"

[[projects]]
  name = "go.uber.org/zap"
  packages = [".","buffer","internal/bufferpool","internal/color","internal/exit","zapcore"]
  revision = "ff33455a0e382e8a81d14dd7c922020b6b5e7982"
  version = "v1.9.1"

[[projects]]
  branch = "master"
  name = "golang.org/x/crypto"
  packages = ["ssh/terminal"]
  revision = "ff983b9c42bc9fbf91556e191cc8efb585c16908"

[[projects]]
  branch = "master"
  name = "golang.org/x/net"
  packages = ["context","context/ctxhttp","http/httpguts","http2","http2/hpack","idna"]
  revision = "915654e7eabcea33ae277abbecf52f0d8b7a9fdc"

[[projects]]
  branch = "master"
  name = "golang.org/x/oauth2"
  packages = [".","google","internal","jws","jwt"]
  revision = "36a7019397c4c86cf59eeab3bc0d188bac444277"

[[projects]]
  branch = "master"
  name = "golang.org/x/sys"
  packages = ["unix","windows"]
  revision = "2be51725563103c17124a318f1745b66f2347acb"

[[projects]]
  name = "golang.org/x/text"
  packages = ["collate","collate/build","internal/colltab","internal/gen","internal/tag","internal/triegen","internal/ucd","language","secure/bidirule","transform","unicode/bidi","unicode/cldr","unicode/norm","unicode/rangetable","width"]
  revision = "f21a4dfb5e38f5895301dc265a8def02365cc3d0"
  version = "v0.3.0"

[[projects]]
  branch = "master"
  name = "golang.org/x/time"
  packages = ["rate"]
  revision = "85acf8d2951cb2a3bde7632f9ff273ef0379bcbd"

[[projects]]
  branch = "master"
  name = "golang.org/x/tools"
  packages = ["go/ast/astutil","go/gcexportdata","go/internal/cgo","go/internal/gcimporter","go/internal/packagesdriver","go/packages","go/types/typeutil","imports","internal/fastwalk","internal/gopathwalk","internal/semver"]
  revision = "bf090417da8b6150dcfe96795325f5aa78fff718"

[[projects]]
  name = "google.golang.org/appengine"
  packages = [".","internal","internal/app_identity","internal/base","internal/datastore","internal/log","internal/modules","internal/remote_api","internal/urlfetch","urlfetch"]
  revision = "e9657d882bb81064595ca3b56cbe2546bbabf7b1"
  version = "v1.4.0"

[[projects]]
  name = "gopkg.in/inf.v0"
  packages = ["."]
  revision = "d2d2541c53f18d2a059457998ce2876cc8e67cbf"
  version = "v0.9.1"

[[projects]]
  name = "gopkg.in/yaml.v2"
  packages = ["."]
  revision = "51d6538a90f86fe93ac480b35f37b2be17fef232"
  version = "v2.2.2"

[[projects]]
  name = "k8s.io/api"
  packages = ["admission/v1beta1","admissionregistration/v1alpha1","admissionregistration/v1beta1","apps/v1","apps/v1beta1","apps/v1beta2","auditregistration/v1alpha1","authentication/v1","authentication/v1beta1","authorization/v1","authorization/v1beta1","autoscaling/v1","autoscaling/v2beta1","autoscaling/v2beta2","batch/v1","batch/v1beta1","batch/v2alpha1","certificates/v1beta1","coordination/v1beta1","core/v1","events/v1beta1","extensions/v1beta1","networking/v1","policy/v1beta1","rbac/v1","rbac/v1alpha1","rbac/v1beta1","scheduling/v1alpha1","scheduling/v1beta1","settings/v1alpha1","storage/v1","storage/v1alpha1","storage/v1beta1"]
  revision = "05914d821849570fba9eacfb29466f2d8d3cd229"

[[projects]]
  name = "k8s.io/apiextensions-apiserver"
  packages = ["pkg/apis/apiextensions","pkg/apis/apiextensions/v1beta1"]
  revision = "0fe22c71c47604641d9aa352c785b7912c200562"

[[projects]]
  name = "k8s.io/apimachinery"
  packages = ["pkg/api/errors","pkg/api/meta","pkg/api/resource","pkg/apis/meta/internalversion","pkg/apis/meta/v1","pkg/apis/meta/v1/unstructured","pkg/apis/meta/v1beta1","pkg/conversion","pkg/conversion/queryparams","pkg/fields","pkg/labels","pkg/runtime","pkg/runtime/schema","pkg/runtime/serializer","pkg/runtime/serializer/json","pkg/runtime/serializer/protobuf","pkg/runtime/serializer/recognizer","pkg/runtime/serializer/streaming","pkg/runtime/serializer/versioning","pkg/selection","pkg/types","pkg/util/cache","pkg/util/clock","pkg/util/diff","pkg/util/errors","pkg/util/framer","pkg/util/intstr","pkg/util/json","pkg/util/mergepatch","pkg/util/naming","pkg/util/net","pkg/util/runtime","pkg/util/sets","pkg/util/strategicpatch","pkg/util/uuid","pkg/util/validation","pkg/util/validation/field","pkg/util/wait","pkg/util/yaml","pkg/version","pkg/watch","third_party/forked/golang/json","third_party/forked/golang/reflect"]
  revision = "2b1284ed4c93a43499e781493253e2ac5959c4fd"

[[projects]]
  name = "k8s.io/client-go"
  packages = ["discovery","dynamic","kubernetes","kubernetes/scheme","kubernetes/typed/admissionregistration/v1alpha1","kubernetes/typed/admissionregistration/v1beta1","kubernetes/typed/apps/v1","kubernetes/typed/apps/v1beta1","kubernetes/typed/apps/v1beta2","kubernetes/typed/auditregistration/v1alpha1","kubernetes/typed/authentication/v1","kubernetes/typed/authentication/v1beta1","kubernetes/typed/authorization/v1","kubernetes/typed/authorization/v1beta1","kubernetes/typed/autoscaling/v1","kubernetes/typed/autoscaling/v2beta1","kubernetes/typed/autoscaling/v2beta2","kubernetes/typed/batch/v1","kubernetes/typed/batch/v1beta1","kubernetes/typed/batch/v2alpha1","kubernetes/typed/certificates/v1beta1","kubernetes/typed/coordination/v1beta1","kubernetes/typed/core/v1","kubernetes/typed/events/v1beta1","kubernetes/typed/extensions/v1beta1","kubernetes/typed/networking/v1","kubernetes/typed/policy/v1beta1","kubernetes/typed/rbac/v1","kubernetes/typed/rbac/v1alpha1","kubernetes/typed/rbac/v1beta1","kubernetes/typed/scheduling/v1alpha1","kubernetes/typed/scheduling/v1beta1","kubernetes/typed/settings/v1alpha1","kubernetes/typed/storage/v1","kubernetes/typed/storage/v1alpha1","kubernetes/typed/storage/v1beta1","pkg/apis/clientauthentication","pkg/apis/clientauthentication/v1alpha1","pkg/apis/clientauthentication/v1beta1","pkg/version","plugin/pkg/client/auth/exec","plugin/pkg/client/auth/gcp","rest","rest/watch","restmapper","third_party/forked/golang/template","tools/auth","tools/cache","tools/clientcmd","tools/clientcmd/api","tools/clientcmd/api/latest","tools/clientcmd/api/v1","tools/leaderelection","tools/leaderelection/resourcelock","tools/metrics","tools/pager","tools/record","tools/reference","transport","util/buffer","util/cert","util/connrotation","util/flowcontrol","util/homedir","util/integer","util/jsonpath","util/retry","util/workqueue"]
  revision = "8d9ed539ba3134352c586810e749e58df4e94e4f"

[[projects]]
  name = "k8s.io/code-generator"
  packages = ["cmd/client-gen","cmd/client-gen/args","cmd/client-gen/generators","cmd/client-gen/generators/fake","cmd/client-gen/generators/scheme","cmd/client-gen/generators/util","cmd/client-gen/path","cmd/client-gen/types","cmd/conversion-gen","cmd/conversion-gen/args","cmd/conversion-gen/generators","cmd/deepcopy-gen","cmd/deepcopy-gen/args","cmd/defaulter-gen","cmd/defaulter-gen/args","cmd/informer-gen","cmd/informer-gen/args","cmd/informer-gen/generators","cmd/lister-gen","cmd/lister-gen/args","cmd/lister-gen/generators","pkg/util"]
  revision = "c2090bec4d9b1fb25de3812f868accc2bc9ecbae"

[[projects]]
  branch = "master"
  name = "k8s.io/gengo"
  packages = ["args","examples/deepcopy-gen/generators","examples/defaulter-gen/generators","examples/set-gen/sets","generator","namer","parser","types"]
  revision = "fd15ee9cc2f77baa4f31e59e6acbf21146455073"

[[projects]]
  name = "k8s.io/klog"
  packages = ["."]
  revision = "a5bc97fbc634d635061f3146511332c7e313a55a"
  version = "v0.1.0"

[[projects]]
  name = "k8s.io/kube-openapi"
  packages = ["cmd/openapi-gen","cmd/openapi-gen/args","pkg/common","pkg/generators","pkg/generators/rules","pkg/util/proto","pkg/util/sets"]
  revision = "0cf8f7e6ed1d2e3d47d02e3b6e559369af24d803"

[[projects]]
  name = "sigs.k8s.io/controller-runtime"
  packages = ["pkg/cache","pkg/cache/internal","pkg/client","pkg/client/apiutil","pkg/client/config","pkg/controller","pkg/controller/controllerutil","pkg/event","pkg/handler","pkg/internal/controller","pkg/internal/controller/metrics","pkg/internal/recorder","pkg/leaderelection","pkg/manager","pkg/metrics","pkg/patch","pkg/predicate","pkg/reconcile","pkg/recorder","pkg/runtime/inject","pkg/runtime/log","pkg/runtime/scheme","pkg/runtime/signals","pkg/source","pkg/source/internal","pkg/webhook/admission","pkg/webhook/admission/types","pkg/webhook/internal/metrics","pkg/webhook/types"]
  revision = "12d98582e72927b6cd0123e2b4e819f9341ce62c"
  version = "v0.1.10"

[[projects]]
  name = "sigs.k8s.io/controller-tools"
  packages = ["pkg/crd/generator","pkg/crd/util","pkg/internal/codegen","pkg/internal/codegen/parse","pkg/internal/general","pkg/util"]
  revision = "950a0e88e4effb864253b3c7504b326cc83b9d11"
  version = "v0.1.8"

[[projects]]
  name = "sigs.k8s.io/yaml"
  packages = ["."]
  revision = "9fc95527decd95bb9d28cc2eab08179b2d0f6971"
  version = "v1.2.0"

[solve-meta]
  analyzer-name = "dep"
  analyzer-version = 1
  inputs-digest = "c5e2aedb4fc169ddf00631de6b267a5ffde1f55e1517fbcd02c890cb8c6c76c3"
  solver-name = "gps-cdcl"
  solver-version = 1
